// !$*UTF8*$!
{
	archiveVersion = 1;
	classes = {
	};
	objectVersion = 50;
	objects = {

/* Begin PBXBuildFile section */
		9BDF7D3F258E48C800A0B07E /* AppDelegate.swift in Sources */ = {isa = PBXBuildFile; fileRef = 9BDF7D3E258E48C800A0B07E /* AppDelegate.swift */; };
		9BDF7D41258E48C800A0B07E /* SceneDelegate.swift in Sources */ = {isa = PBXBuildFile; fileRef = 9BDF7D40258E48C800A0B07E /* SceneDelegate.swift */; };
		9BDF7D43258E48C800A0B07E /* ViewController.swift in Sources */ = {isa = PBXBuildFile; fileRef = 9BDF7D42258E48C800A0B07E /* ViewController.swift */; };
		9BDF7D46258E48C800A0B07E /* Main.storyboard in Resources */ = {isa = PBXBuildFile; fileRef = 9BDF7D44258E48C800A0B07E /* Main.storyboard */; };
		9BDF7D48258E48C900A0B07E /* Assets.xcassets in Resources */ = {isa = PBXBuildFile; fileRef = 9BDF7D47258E48C900A0B07E /* Assets.xcassets */; };
		9BDF7D4B258E48C900A0B07E /* LaunchScreen.storyboard in Resources */ = {isa = PBXBuildFile; fileRef = 9BDF7D49258E48C900A0B07E /* LaunchScreen.storyboard */; };
		9BDF7D54258E48DA00A0B07E /* pianoMusic.mp4 in Resources */ = {isa = PBXBuildFile; fileRef = 9BDF7D53258E48DA00A0B07E /* pianoMusic.mp4 */; };
/* End PBXBuildFile section */

/* Begin PBXFileReference section */
		9BDF7D3B258E48C800A0B07E /* Miku No Shoushitsu.app */ = {isa = PBXFileReference; explicitFileType = wrapper.application; includeInIndex = 0; path = "Miku No Shoushitsu.app"; sourceTree = BUILT_PRODUCTS_DIR; };
		9BDF7D3E258E48C800A0B07E /* AppDelegate.swift */ = {isa = PBXFileReference; lastKnownFileType = sourcecode.swift; path = AppDelegate.swift; sourceTree = "<group>"; };
		9BDF7D40258E48C800A0B07E /* SceneDelegate.swift */ = {isa = PBXFileReference; lastKnownFileType = sourcecode.swift; path = SceneDelegate.swift; sourceTree = "<group>"; };
		9BDF7D42258E48C800A0B07E /* ViewController.swift */ = {isa = PBXFileReference; lastKnownFileType = sourcecode.swift; path = ViewController.swift; sourceTree = "<group>"; };
		9BDF7D45258E48C800A0B07E /* Base */ = {isa = PBXFileReference; lastKnownFileType = file.storyboard; name = Base; path = Base.lproj/Main.storyboard; sourceTree = "<group>"; };
		9BDF7D47258E48C900A0B07E /* Assets.xcassets */ = {isa = PBXFileReference; lastKnownFileType = folder.assetcatalog; path = Assets.xcassets; sourceTree = "<group>"; };
		9BDF7D4A258E48C900A0B07E /* Base */ = {isa = PBXFileReference; lastKnownFileType = file.storyboard; name = Base; path = Base.lproj/LaunchScreen.storyboard; sourceTree = "<group>"; };
		9BDF7D4C258E48C900A0B07E /* Info.plist */ = {isa = PBXFileReference; lastKnownFileType = text.plist.xml; path = Info.plist; sourceTree = "<group>"; };
		9BDF7D53258E48DA00A0B07E /* pianoMusic.mp4 */ = {isa = PBXFileReference; lastKnownFileType = file; path = pianoMusic.mp4; sourceTree = "<group>"; };
/* End PBXFileReference section */

/* Begin PBXFrameworksBuildPhase section */
		9BDF7D38258E48C800A0B07E /* Frameworks */ = {
			isa = PBXFrameworksBuildPhase;
			buildActionMask = 2147483647;
			files = (
			);
			runOnlyForDeploymentPostprocessing = 0;
		};
/* End PBXFrameworksBuildPhase section */

/* Begin PBXGroup section */
		9BDF7D32258E48C800A0B07E = {
			isa = PBXGroup;
			children = (
				9BDF7D3D258E48C800A0B07E /* Miku No Shoushitsu */,
				9BDF7D3C258E48C800A0B07E /* Products */,
			);
			sourceTree = "<group>";
		};
		9BDF7D3C258E48C800A0B07E /* Products */ = {
			isa = PBXGroup;
			children = (
				9BDF7D3B258E48C800A0B07E /* Miku No Shoushitsu.app */,
			);
			name = Products;
			sourceTree = "<group>";
		};
		9BDF7D3D258E48C800A0B07E /* Miku No Shoushitsu */ = {
			isa = PBXGroup;
			children = (
				9BDF7D53258E48DA00A0B07E /* pianoMusic.mp4 */,
				9BDF7D3E258E48C800A0B07E /* AppDelegate.swift */,
				9BDF7D40258E48C800A0B07E /* SceneDelegate.swift */,
				9BDF7D42258E48C800A0B07E /* ViewController.swift */,
				9BDF7D44258E48C800A0B07E /* Main.storyboard */,
				9BDF7D47258E48C900A0B07E /* Assets.xcassets */,
				9BDF7D49258E48C900A0B07E /* LaunchScreen.storyboard */,
				9BDF7D4C258E48C900A0B07E /* Info.plist */,
			);
			path = "Miku No Shoushitsu";
			sourceTree = "<group>";
		};
/* End PBXGroup section */

/* Begin PBXNativeTarget section */
		9BDF7D3A258E48C800A0B07E /* Miku No Shoushitsu */ = {
			isa = PBXNativeTarget;
			buildConfigurationList = 9BDF7D4F258E48C900A0B07E /* Build configuration list for PBXNativeTarget "Miku No Shoushitsu" */;
			buildPhases = (
				9BDF7D37258E48C800A0B07E /* Sources */,
				9BDF7D38258E48C800A0B07E /* Frameworks */,
				9BDF7D39258E48C800A0B07E /* Resources */,
			);
			buildRules = (
			);
			dependencies = (
			);
			name = "Miku No Shoushitsu";
			productName = "Miku No Shoushitsu";
			productReference = 9BDF7D3B258E48C800A0B07E /* Miku No Shoushitsu.app */;
			productType = "com.apple.product-type.application";
		};
/* End PBXNativeTarget section */

/* Begin PBXProject section */
		9BDF7D33258E48C800A0B07E /* Project object */ = {
			isa = PBXProject;
			attributes = {
				LastSwiftUpdateCheck = 1220;
				LastUpgradeCheck = 1220;
				TargetAttributes = {
					9BDF7D3A258E48C800A0B07E = {
						CreatedOnToolsVersion = 12.2;
					};
				};
			};
			buildConfigurationList = 9BDF7D36258E48C800A0B07E /* Build configuration list for PBXProject "Miku No Shoushitsu" */;
			compatibilityVersion = "Xcode 9.3";
			developmentRegion = en;
			hasScannedForEncodings = 0;
			knownRegions = (
				en,
				Base,
			);
			mainGroup = 9BDF7D32258E48C800A0B07E;
			productRefGroup = 9BDF7D3C258E48C800A0B07E /* Products */;
			projectDirPath = "";
			projectRoot = "";
			targets = (
				9BDF7D3A258E48C800A0B07E /* Miku No Shoushitsu */,
			);
		};
/* End PBXProject section */

/* Begin PBXResourcesBuildPhase section */
		9BDF7D39258E48C800A0B07E /* Resources */ = {
			isa = PBXResourcesBuildPhase;
			buildActionMask = 2147483647;
			files = (
				9BDF7D4B258E48C900A0B07E /* LaunchScreen.storyboard in Resources */,
				9BDF7D54258E48DA00A0B07E /* pianoMusic.mp4 in Resources */,
				9BDF7D48258E48C900A0B07E /* Assets.xcassets in Resources */,
				9BDF7D46258E48C800A0B07E /* Main.storyboard in Resources */,
			);
			runOnlyForDeploymentPostprocessing = 0;
		};
/* End PBXResourcesBuildPhase section */

/* Begin PBXSourcesBuildPhase section */
		9BDF7D37258E48C800A0B07E /* Sources */ = {
			isa = PBXSourcesBuildPhase;
			buildActionMask = 2147483647;
			files = (
				9BDF7D43258E48C800A0B07E /* ViewController.swift in Sources */,
				9BDF7D3F258E48C800A0B07E /* AppDelegate.swift in Sources */,
				9BDF7D41258E48C800A0B07E /* SceneDelegate.swift in Sources */,
			);
			runOnlyForDeploymentPostprocessing = 0;
		};
/* End PBXSourcesBuildPhase section */

/* Begin PBXVariantGroup section */
		9BDF7D44258E48C800A0B07E /* Main.storyboard */ = {
			isa = PBXVariantGroup;
			children = (
				9BDF7D45258E48C800A0B07E /* Base */,
			);
			name = Main.storyboard;
			sourceTree = "<group>";
		};
		9BDF7D49258E48C900A0B07E /* LaunchScreen.storyboard */ = {
			isa = PBXVariantGroup;
			children = (
				9BDF7D4A258E48C900A0B07E /* Base */,
			);
			name = LaunchScreen.storyboard;
			sourceTree = "<group>";
		};
/* End PBXVariantGroup section */

/* Begin XCBuildConfiguration section */
		9BDF7D4D258E48C900A0B07E /* Debug */ = {
			isa = XCBuildConfiguration;
			buildSettings = {
				ALWAYS_SEARCH_USER_PATHS = NO;
				CLANG_ANALYZER_NONNULL = YES;
				CLANG_ANALYZER_NUMBER_OBJECT_CONVERSION = YES_AGGRESSIVE;
				CLANG_CXX_LANGUAGE_STANDARD = "gnu++14";
				CLANG_CXX_LIBRARY = "libc++";
				CLANG_ENABLE_MODULES = YES;
				CLANG_ENABLE_OBJC_ARC = YES;
				CLANG_ENABLE_OBJC_WEAK = YES;
				CLANG_WARN_BLOCK_CAPTURE_AUTORELEASING = YES;
				CLANG_WARN_BOOL_CONVERSION = YES;
				CLANG_WARN_COMMA = YES;
				CLANG_WARN_CONSTANT_CONVERSION = YES;
				CLANG_WARN_DEPRECATED_OBJC_IMPLEMENTATIONS = YES;
				CLANG_WARN_DIRECT_OBJC_ISA_USAGE = YES_ERROR;
				CLANG_WARN_DOCUMENTATION_COMMENTS = YES;
				CLANG_WARN_EMPTY_BODY = YES;
				CLANG_WARN_ENUM_CONVERSION = YES;
				CLANG_WARN_INFINITE_RECURSION = YES;
				CLANG_WARN_INT_CONVERSION = YES;
				CLANG_WARN_NON_LITERAL_NULL_CONVERSION = YES;
				CLANG_WARN_OBJC_IMPLICIT_RETAIN_SELF = YES;
				CLANG_WARN_OBJC_LITERAL_CONVERSION = YES;
				CLANG_WARN_OBJC_ROOT_CLASS = YES_ERROR;
				CLANG_WARN_QUOTED_INCLUDE_IN_FRAMEWORK_HEADER = YES;
				CLANG_WARN_RANGE_LOOP_ANALYSIS = YES;
				CLANG_WARN_STRICT_PROTOTYPES = YES;
				CLANG_WARN_SUSPICIOUS_MOVE = YES;
				CLANG_WARN_UNGUARDED_AVAILABILITY = YES_AGGRESSIVE;
				CLANG_WARN_UNREACHABLE_CODE = YES;
				CLANG_WARN__DUPLICATE_METHOD_MATCH = YES;
				COPY_PHASE_STRIP = NO;
				DEBUG_INFORMATION_FORMAT = dwarf;
				ENABLE_STRICT_OBJC_MSGSEND = YES;
				ENABLE_TESTABILITY = YES;
				GCC_C_LANGUAGE_STANDARD = gnu11;
				GCC_DYNAMIC_NO_PIC = NO;
				GCC_NO_COMMON_BLOCKS = YES;
				GCC_OPTIMIZATION_LEVEL = 0;
				GCC_PREPROCESSOR_DEFINITIONS = (
					"DEBUG=1",
					"$(inherited)",
				);
				GCC_WARN_64_TO_32_BIT_CONVERSION = YES;
				GCC_WARN_ABOUT_RETURN_TYPE = YES_ERROR;
				GCC_WARN_UNDECLARED_SELECTOR = YES;
				GCC_WARN_UNINITIALIZED_AUTOS = YES_AGGRESSIVE;
				GCC_WARN_UNUSED_FUNCTION = YES;
				GCC_WARN_UNUSED_VARIABLE = YES;
				IPHONEOS_DEPLOYMENT_TARGET = 14.2;
				MTL_ENABLE_DEBUG_INFO = INCLUDE_SOURCE;
				MTL_FAST_MATH = YES;
				ONLY_ACTIVE_ARCH = YES;
				SDKROOT = iphoneos;
				SWIFT_ACTIVE_COMPILATION_CONDITIONS = DEBUG;
				SWIFT_OPTIMIZATION_LEVEL = "-Onone";
			};
			name = Debug;
		};
		9BDF7D4E258E48C900A0B07E /* Release */ = {
			isa = XCBuildConfiguration;
			buildSettings = {
				ALWAYS_SEARCH_USER_PATHS = NO;
				CLANG_ANALYZER_NONNULL = YES;
				CLANG_ANALYZER_NUMBER_OBJECT_CONVERSION = YES_AGGRESSIVE;
				CLANG_CXX_LANGUAGE_STANDARD = "gnu++14";
				CLANG_CXX_LIBRARY = "libc++";
				CLANG_ENABLE_MODULES = YES;
				CLANG_ENABLE_OBJC_ARC = YES;
				CLANG_ENABLE_OBJC_WEAK = YES;
				CLANG_WARN_BLOCK_CAPTURE_AUTORELEASING = YES;
				CLANG_WARN_BOOL_CONVERSION = YES;
				CLANG_WARN_COMMA = YES;
				CLANG_WARN_CONSTANT_CONVERSION = YES;
				CLANG_WARN_DEPRECATED_OBJC_IMPLEMENTATIONS = YES;
				CLANG_WARN_DIRECT_OBJC_ISA_USAGE = YES_ERROR;
				CLANG_WARN_DOCUMENTATION_COMMENTS = YES;
				CLANG_WARN_EMPTY_BODY = YES;
				CLANG_WARN_ENUM_CONVERSION = YES;
				CLANG_WARN_INFINITE_RECURSION = YES;
				CLANG_WARN_INT_CONVERSION = YES;
				CLANG_WARN_NON_LITERAL_NULL_CONVERSION = YES;
				CLANG_WARN_OBJC_IMPLICIT_RETAIN_SELF = YES;
				CLANG_WARN_OBJC_LITERAL_CONVERSION = YES;
				CLANG_WARN_OBJC_ROOT_CLASS = YES_ERROR;
				CLANG_WARN_QUOTED_INCLUDE_IN_FRAMEWORK_HEADER = YES;
				CLANG_WARN_RANGE_LOOP_ANALYSIS = YES;
				CLANG_WARN_STRICT_PROTOTYPES = YES;
				CLANG_WARN_SUSPICIOUS_MOVE = YES;
				CLANG_WARN_UNGUARDED_AVAILABILITY = YES_AGGRESSIVE;
				CLANG_WARN_UNREACHABLE_CODE = YES;
				CLANG_WARN__DUPLICATE_METHOD_MATCH = YES;
				COPY_PHASE_STRIP = NO;
				DEBUG_INFORMATION_FORMAT = "dwarf-with-dsym";
				ENABLE_NS_ASSERTIONS = NO;
				ENABLE_STRICT_OBJC_MSGSEND = YES;
				GCC_C_LANGUAGE_STANDARD = gnu11;
				GCC_NO_COMMON_BLOCKS = YES;
				GCC_WARN_64_TO_32_BIT_CONVERSION = YES;
				GCC_WARN_ABOUT_RETURN_TYPE = YES_ERROR;
				GCC_WARN_UNDECLARED_SELECTOR = YES;
				GCC_WARN_UNINITIALIZED_AUTOS = YES_AGGRESSIVE;
				GCC_WARN_UNUSED_FUNCTION = YES;
				GCC_WARN_UNUSED_VARIABLE = YES;
				IPHONEOS_DEPLOYMENT_TARGET = 14.2;
				MTL_ENABLE_DEBUG_INFO = NO;
				MTL_FAST_MATH = YES;
				SDKROOT = iphoneos;
				SWIFT_COMPILATION_MODE = wholemodule;
				SWIFT_OPTIMIZATION_LEVEL = "-O";
				VALIDATE_PRODUCT = YES;
			};
			name = Release;
		};
		9BDF7D50258E48C900A0B07E /* Debug */ = {
			isa = XCBuildConfiguration;
			buildSettings = {
				ASSETCATALOG_COMPILER_APPICON_NAME = AppIcon;
				ASSETCATALOG_COMPILER_GLOBAL_ACCENT_COLOR_NAME = AccentColor;
				CODE_SIGN_STYLE = Automatic;
				DEVELOPMENT_TEAM = 62KAVCVFU9;
				INFOPLIST_FILE = "Miku No Shoushitsu/Info.plist";
				LD_RUNPATH_SEARCH_PATHS = (
					"$(inherited)",
					"@executable_path/Frameworks",
				);
				PRODUCT_BUNDLE_IDENTIFIER = "sharine.wu.Miku-No-Shoushitsu";
				PRODUCT_NAME = "$(TARGET_NAME)";
				SWIFT_VERSION = 5.0;
				TARGETED_DEVICE_FAMILY = "1,2";
			};
			name = Debug;
		};
		9BDF7D51258E48C900A0B07E /* Release */ = {
			isa = XCBuildConfiguration;
			buildSettings = {
				ASSETCATALOG_COMPILER_APPICON_NAME = AppIcon;
				ASSETCATALOG_COMPILER_GLOBAL_ACCENT_COLOR_NAME = AccentColor;
				CODE_SIGN_STYLE = Automatic;
				DEVELOPMENT_TEAM = 62KAVCVFU9;
				INFOPLIST_FILE = "Miku No Shoushitsu/Info.plist";
				LD_RUNPATH_SEARCH_PATHS = (
					"$(inherited)",
					"@executable_path/Frameworks",
				);
				PRODUCT_BUNDLE_IDENTIFIER = "sharine.wu.Miku-No-Shoushitsu";
				PRODUCT_NAME = "$(TARGET_NAME)";
				SWIFT_VERSION = 5.0;
				TARGETED_DEVICE_FAMILY = "1,2";
			};
			name = Release;
		};
/* End XCBuildConfiguration section */

/* Begin XCConfigurationList section */
		9BDF7D36258E48C800A0B07E /* Build configuration list for PBXProject "Miku No Shoushitsu" */ = {
			isa = XCConfigurationList;
			buildConfigurations = (
				9BDF7D4D258E48C900A0B07E /* Debug */,
				9BDF7D4E258E48C900A0B07E /* Release */,
			);
			defaultConfigurationIsVisible = 0;
			defaultConfigurationName = Release;
		};
		9BDF7D4F258E48C900A0B07E /* Build configuration list for PBXNativeTarget "Miku No Shoushitsu" */ = {
			isa = XCConfigurationList;
			buildConfigurations = (
				9BDF7D50258E48C900A0B07E /* Debug */,
				9BDF7D51258E48C900A0B07E /* Release */,
			);
			defaultConfigurationIsVisible = 0;
			defaultConfigurationName = Release;
		};
/* End XCConfigurationList section */
	};
	rootObject = 9BDF7D33258E48C800A0B07E /* Project object */;
}
